
Microsoft Visual Studio Solution File, Format Version 12.00
# Visual Studio Version 17
VisualStudioVersion = 17.0.31919.166
MinimumVisualStudioVersion = 10.0.40219.1
Project("{9A19103F-16F7-4668-BE54-9A1E7A4F7556}") = "CleanArchitecture.Mediator", "CleanArchitecture.Mediator\CleanArchitecture.Mediator.csproj", "{67818317-620B-48DF-AA1C-6157FC328C29}"
EndProject
Project("{9A19103F-16F7-4668-BE54-9A1E7A4F7556}") = "CleanArchitecture.Mediator.Tests", "CleanArchitecture.Mediator.Tests\CleanArchitecture.Mediator.Tests.csproj", "{66598747-FB4C-4EA4-8591-A0872396A556}"
EndProject
Project("{9A19103F-16F7-4668-BE54-9A1E7A4F7556}") = "CleanArchitecture.Sample", "CleanArchitecture.Sample\CleanArchitecture.Sample.csproj", "{44101A3E-D827-4860-A1AD-2915DCE33CEC}"
EndProject
Project("{9A19103F-16F7-4668-BE54-9A1E7A4F7556}") = "CleanArchitecture.Sample.Tests", "CleanArchitecture.Sample.Tests\CleanArchitecture.Sample.Tests.csproj", "{16BE51ED-DACD-4F4F-87D4-6BD223037E7B}"
EndProject
Global
	GlobalSection(SolutionConfigurationPlatforms) = preSolution
		Debug|Any CPU = Debug|Any CPU
		Release|Any CPU = Release|Any CPU
	EndGlobalSection
	GlobalSection(ProjectConfigurationPlatforms) = postSolution
		{67818317-620B-48DF-AA1C-6157FC328C29}.Debug|Any CPU.ActiveCfg = Debug|Any CPU
		{67818317-620B-48DF-AA1C-6157FC328C29}.Debug|Any CPU.Build.0 = Debug|Any CPU
		{67818317-620B-48DF-AA1C-6157FC328C29}.Release|Any CPU.ActiveCfg = Release|Any CPU
		{67818317-620B-48DF-AA1C-6157FC328C29}.Release|Any CPU.Build.0 = Release|Any CPU
		{66598747-FB4C-4EA4-8591-A0872396A556}.Debug|Any CPU.ActiveCfg = Debug|Any CPU
		{66598747-FB4C-4EA4-8591-A0872396A556}.Debug|Any CPU.Build.0 = Debug|Any CPU
		{66598747-FB4C-4EA4-8591-A0872396A556}.Release|Any CPU.ActiveCfg = Release|Any CPU
		{66598747-FB4C-4EA4-8591-A0872396A556}.Release|Any CPU.Build.0 = Release|Any CPU
		{44101A3E-D827-4860-A1AD-2915DCE33CEC}.Debug|Any CPU.ActiveCfg = Debug|Any CPU
		{44101A3E-D827-4860-A1AD-2915DCE33CEC}.Debug|Any CPU.Build.0 = Debug|Any CPU
		{44101A3E-D827-4860-A1AD-2915DCE33CEC}.Release|Any CPU.ActiveCfg = Release|Any CPU
		{44101A3E-D827-4860-A1AD-2915DCE33CEC}.Release|Any CPU.Build.0 = Release|Any CPU
		{16BE51ED-DACD-4F4F-87D4-6BD223037E7B}.Debug|Any CPU.ActiveCfg = Debug|Any CPU
		{16BE51ED-DACD-4F4F-87D4-6BD223037E7B}.Debug|Any CPU.Build.0 = Debug|Any CPU
		{16BE51ED-DACD-4F4F-87D4-6BD223037E7B}.Release|Any CPU.ActiveCfg = Release|Any CPU
		{16BE51ED-DACD-4F4F-87D4-6BD223037E7B}.Release|Any CPU.Build.0 = Release|Any CPU
	EndGlobalSection
	GlobalSection(SolutionProperties) = preSolution
		HideSolutionNode = FALSE
	EndGlobalSection
	GlobalSection(ExtensibilityGlobals) = postSolution
		SolutionGuid = {E4F457FB-C419-4EFC-A07C-0456F480ECCC}
	EndGlobalSection
EndGlobal
